
Microsoft Visual Studio Solution File, Format Version 12.00
# Visual Studio 15
VisualStudioVersion = 15.0.27428.1
MinimumVisualStudioVersion = 10.0.40219.1
Project("{9A19103F-16F7-4668-BE54-9A1E7A4F7556}") = "Assembler", "ConsoleApp1\Assembler.csproj", "{B99A2AB0-ED31-4C51-A878-2CDC63B4878E}"
EndProject
Global
	GlobalSection(SolutionConfigurationPlatforms) = preSolution
		Debug|Any CPU = Debug|Any CPU
		Release|Any CPU = Release|Any CPU
	EndGlobalSection
	GlobalSection(ProjectConfigurationPlatforms) = postSolution
		{B99A2AB0-ED31-4C51-A878-2CDC63B4878E}.Debug|Any CPU.ActiveCfg = Debug|Any CPU
		{B99A2AB0-ED31-4C51-A878-2CDC63B4878E}.Debug|Any CPU.Build.0 = Debug|Any CPU
		{B99A2AB0-ED31-4C51-A878-2CDC63B4878E}.Release|Any CPU.ActiveCfg = Release|Any CPU
		{B99A2AB0-ED31-4C51-A878-2CDC63B4878E}.Release|Any CPU.Build.0 = Release|Any CPU
	EndGlobalSection
	GlobalSection(SolutionProperties) = preSolution
		HideSolutionNode = FALSE
	EndGlobalSection
	GlobalSection(ExtensibilityGlobals) = postSolution
		SolutionGuid = {35305057-9302-4A67-8B4A-43BA692794A7}
	EndGlobalSection
EndGlobal
